
Microsoft Visual Studio Solution File, Format Version 12.00
# Visual Studio 15
VisualStudioVersion = 15.0.28307.1231
MinimumVisualStudioVersion = 10.0.40219.1
Project("{9A19103F-16F7-4668-BE54-9A1E7A4F7556}") = "Automation", "Automation\Automation.csproj", "{15E0B832-6887-4BF3-811F-EC84CA02A78C}"
EndProject
Project("{FAE04EC0-301F-11D3-BF4B-00C04F79EFBC}") = "Automation.DataModelLayer", "Automation.DataModelLayer\Automation.DataModelLayer.csproj", "{7F91A856-9151-495C-B5B1-378948A12A99}"
EndProject
Global
	GlobalSection(SolutionConfigurationPlatforms) = preSolution
		Debug|Any CPU = Debug|Any CPU
		Release|Any CPU = Release|Any CPU
	EndGlobalSection
	GlobalSection(ProjectConfigurationPlatforms) = postSolution
		{15E0B832-6887-4BF3-811F-EC84CA02A78C}.Debug|Any CPU.ActiveCfg = Debug|Any CPU
		{15E0B832-6887-4BF3-811F-EC84CA02A78C}.Debug|Any CPU.Build.0 = Debug|Any CPU
		{15E0B832-6887-4BF3-811F-EC84CA02A78C}.Release|Any CPU.ActiveCfg = Release|Any CPU
		{15E0B832-6887-4BF3-811F-EC84CA02A78C}.Release|Any CPU.Build.0 = Release|Any CPU
		{7F91A856-9151-495C-B5B1-378948A12A99}.Debug|Any CPU.ActiveCfg = Debug|Any CPU
		{7F91A856-9151-495C-B5B1-378948A12A99}.Debug|Any CPU.Build.0 = Debug|Any CPU
		{7F91A856-9151-495C-B5B1-378948A12A99}.Release|Any CPU.ActiveCfg = Release|Any CPU
		{7F91A856-9151-495C-B5B1-378948A12A99}.Release|Any CPU.Build.0 = Release|Any CPU
	EndGlobalSection
	GlobalSection(SolutionProperties) = preSolution
		HideSolutionNode = FALSE
	EndGlobalSection
	GlobalSection(ExtensibilityGlobals) = postSolution
		SolutionGuid = {738D601E-610F-4C51-9C86-ED2CDF27F545}
	EndGlobalSection
EndGlobal
